
Microsoft Visual Studio Solution File, Format Version 12.00
# Visual Studio Version 17
VisualStudioVersion = 17.9.34723.18
MinimumVisualStudioVersion = 10.0.40219.1
Project("{FAE04EC0-301F-11D3-BF4B-00C04F79EFBC}") = "LotteryProject.ApplicationCore", "LotteryProject.ApplicationCore\LotteryProject.ApplicationCore.csproj", "{ECA617C2-6E47-427D-BBF1-317A0516290B}"
EndProject
Project("{FAE04EC0-301F-11D3-BF4B-00C04F79EFBC}") = "LotteryProject.Infrastructure", "LotteryProject.Infrastructure\LotteryProject.Infrastructure.csproj", "{BDF5B477-11CC-484D-81F0-E3A5715A7D14}"
EndProject
Project("{FAE04EC0-301F-11D3-BF4B-00C04F79EFBC}") = "LotteryProject.Entities", "LotteryProject.Entities\LotteryProject.Entities.csproj", "{7205C973-7DF9-469E-88CD-8C1516862F80}"
EndProject
Project("{FAE04EC0-301F-11D3-BF4B-00C04F79EFBC}") = "LotteryProject.WebApi", "LotteryProject.WebApi\LotteryProject.WebApi.csproj", "{C0E0BCA2-685B-442F-ADB9-D6B9823D6427}"
EndProject
Global
	GlobalSection(SolutionConfigurationPlatforms) = preSolution
		Debug|Any CPU = Debug|Any CPU
		Release|Any CPU = Release|Any CPU
	EndGlobalSection
	GlobalSection(ProjectConfigurationPlatforms) = postSolution
		{ECA617C2-6E47-427D-BBF1-317A0516290B}.Debug|Any CPU.ActiveCfg = Debug|Any CPU
		{ECA617C2-6E47-427D-BBF1-317A0516290B}.Debug|Any CPU.Build.0 = Debug|Any CPU
		{ECA617C2-6E47-427D-BBF1-317A0516290B}.Release|Any CPU.ActiveCfg = Release|Any CPU
		{ECA617C2-6E47-427D-BBF1-317A0516290B}.Release|Any CPU.Build.0 = Release|Any CPU
		{BDF5B477-11CC-484D-81F0-E3A5715A7D14}.Debug|Any CPU.ActiveCfg = Debug|Any CPU
		{BDF5B477-11CC-484D-81F0-E3A5715A7D14}.Debug|Any CPU.Build.0 = Debug|Any CPU
		{BDF5B477-11CC-484D-81F0-E3A5715A7D14}.Release|Any CPU.ActiveCfg = Release|Any CPU
		{BDF5B477-11CC-484D-81F0-E3A5715A7D14}.Release|Any CPU.Build.0 = Release|Any CPU
		{7205C973-7DF9-469E-88CD-8C1516862F80}.Debug|Any CPU.ActiveCfg = Debug|Any CPU
		{7205C973-7DF9-469E-88CD-8C1516862F80}.Debug|Any CPU.Build.0 = Debug|Any CPU
		{7205C973-7DF9-469E-88CD-8C1516862F80}.Release|Any CPU.ActiveCfg = Release|Any CPU
		{7205C973-7DF9-469E-88CD-8C1516862F80}.Release|Any CPU.Build.0 = Release|Any CPU
		{C0E0BCA2-685B-442F-ADB9-D6B9823D6427}.Debug|Any CPU.ActiveCfg = Debug|Any CPU
		{C0E0BCA2-685B-442F-ADB9-D6B9823D6427}.Debug|Any CPU.Build.0 = Debug|Any CPU
		{C0E0BCA2-685B-442F-ADB9-D6B9823D6427}.Release|Any CPU.ActiveCfg = Release|Any CPU
		{C0E0BCA2-685B-442F-ADB9-D6B9823D6427}.Release|Any CPU.Build.0 = Release|Any CPU
	EndGlobalSection
	GlobalSection(SolutionProperties) = preSolution
		HideSolutionNode = FALSE
	EndGlobalSection
	GlobalSection(ExtensibilityGlobals) = postSolution
		SolutionGuid = {4F46419A-4B2F-4048-B0E0-AA297167382A}
	EndGlobalSection
EndGlobal
